
Microsoft Visual Studio Solution File, Format Version 12.00
# Visual Studio 15
VisualStudioVersion = 15.0.27428.2015
MinimumVisualStudioVersion = 10.0.40219.1
Project("{FAE04EC0-301F-11D3-BF4B-00C04F79EFBC}") = "Paint3", "Paint3\Paint3.csproj", "{5BD4DC6F-B347-4F94-BC90-6F10A67A3C9A}"
EndProject
Global
	GlobalSection(SolutionConfigurationPlatforms) = preSolution
		Debug|Any CPU = Debug|Any CPU
		Release|Any CPU = Release|Any CPU
	EndGlobalSection
	GlobalSection(ProjectConfigurationPlatforms) = postSolution
		{5BD4DC6F-B347-4F94-BC90-6F10A67A3C9A}.Debug|Any CPU.ActiveCfg = Debug|Any CPU
		{5BD4DC6F-B347-4F94-BC90-6F10A67A3C9A}.Debug|Any CPU.Build.0 = Debug|Any CPU
		{5BD4DC6F-B347-4F94-BC90-6F10A67A3C9A}.Release|Any CPU.ActiveCfg = Release|Any CPU
		{5BD4DC6F-B347-4F94-BC90-6F10A67A3C9A}.Release|Any CPU.Build.0 = Release|Any CPU
	EndGlobalSection
	GlobalSection(SolutionProperties) = preSolution
		HideSolutionNode = FALSE
	EndGlobalSection
	GlobalSection(ExtensibilityGlobals) = postSolution
		SolutionGuid = {743AB86D-3DFE-472E-B4EF-97D32BC90438}
	EndGlobalSection
EndGlobal
